# THIS IS AN AUTOGENERATED FILE. DO NOT EDIT THIS FILE DIRECTLY.
# yarn lockfile v1


"@babel/parser@^7.16.4":
  version "7.16.12"
  resolved "https://registry.yarnpkg.com/@babel/parser/-/parser-7.16.12.tgz#9474794f9a650cf5e2f892444227f98e28cdf8b6"
  integrity sha512-VfaV15po8RiZssrkPweyvbGVSe4x2y+aciFCgn0n0/SJMR22cwofRV1mtnJQYcSB1wUTaA/X1LnA3es66MCO5A==

"@vue/compiler-core@3.2.29":
  version "3.2.29"
  resolved "https://registry.yarnpkg.com/@vue/compiler-core/-/compiler-core-3.2.29.tgz#b06097ab8ff0493177c68c5ea5b63d379a061097"
  integrity sha512-RePZ/J4Ub3sb7atQw6V6Rez+/5LCRHGFlSetT3N4VMrejqJnNPXKUt5AVm/9F5MJriy2w/VudEIvgscCfCWqxw==
  dependencies:
    "@babel/parser" "^7.16.4"
    "@vue/shared" "3.2.29"
    estree-walker "^2.0.2"
    source-map "^0.6.1"

"@vue/compiler-dom@3.2.29":
  version "3.2.29"
  resolved "https://registry.yarnpkg.com/@vue/compiler-dom/-/compiler-dom-3.2.29.tgz#ad0ead405bd2f2754161335aad9758aa12430715"
  integrity sha512-y26vK5khdNS9L3ckvkqJk/78qXwWb75Ci8iYLb67AkJuIgyKhIOcR1E8RIt4mswlVCIeI9gQ+fmtdhaiTAtrBQ==
  dependencies:
    "@vue/compiler-core" "3.2.29"
    "@vue/shared" "3.2.29"

"@vue/compiler-sfc@3.2.29":
  version "3.2.29"
  resolved "https://registry.yarnpkg.com/@vue/compiler-sfc/-/compiler-sfc-3.2.29.tgz#f76d556cd5fca6a55a3ea84c88db1a2a53a36ead"
  integrity sha512-X9+0dwsag2u6hSOP/XsMYqFti/edvYvxamgBgCcbSYuXx1xLZN+dS/GvQKM4AgGS4djqo0jQvWfIXdfZ2ET68g==
  dependencies:
    "@babel/parser" "^7.16.4"
    "@vue/compiler-core" "3.2.29"
    "@vue/compiler-dom" "3.2.29"
    "@vue/compiler-ssr" "3.2.29"
    "@vue/reactivity-transform" "3.2.29"
    "@vue/shared" "3.2.29"
    estree-walker "^2.0.2"
    magic-string "^0.25.7"
    postcss "^8.1.10"
    source-map "^0.6.1"

"@vue/compiler-ssr@3.2.29":
  version "3.2.29"
  resolved "https://registry.yarnpkg.com/@vue/compiler-ssr/-/compiler-ssr-3.2.29.tgz#37b15b32dcd2f6b410bb61fca3f37b1a92b7eb1e"
  integrity sha512-LrvQwXlx66uWsB9/VydaaqEpae9xtmlUkeSKF6aPDbzx8M1h7ukxaPjNCAXuFd3fUHblcri8k42lfimHfzMICA==
  dependencies:
    "@vue/compiler-dom" "3.2.29"
    "@vue/shared" "3.2.29"

"@vue/reactivity-transform@3.2.29":
  version "3.2.29"
  resolved "https://registry.yarnpkg.com/@vue/reactivity-transform/-/reactivity-transform-3.2.29.tgz#a08d606e10016b7cf588d1a43dae4db2953f9354"
  integrity sha512-YF6HdOuhdOw6KyRm59+3rML8USb9o8mYM1q+SH0G41K3/q/G7uhPnHGKvspzceD7h9J3VR1waOQ93CUZj7J7OA==
  dependencies:
    "@babel/parser" "^7.16.4"
    "@vue/compiler-core" "3.2.29"
    "@vue/shared" "3.2.29"
    estree-walker "^2.0.2"
    magic-string "^0.25.7"

"@vue/reactivity@3.2.29":
  version "3.2.29"
  resolved "https://registry.yarnpkg.com/@vue/reactivity/-/reactivity-3.2.29.tgz#afdc9c111d4139b14600be17ad80267212af6052"
  integrity sha512-Ryhb6Gy62YolKXH1gv42pEqwx7zs3n8gacRVZICSgjQz8Qr8QeCcFygBKYfJm3o1SccR7U+bVBQDWZGOyG1k4g==
  dependencies:
    "@vue/shared" "3.2.29"

"@vue/runtime-core@3.2.29":
  version "3.2.29"
  resolved "https://registry.yarnpkg.com/@vue/runtime-core/-/runtime-core-3.2.29.tgz#fb8577b2fcf52e8d967bd91cdf49ab9fb91f9417"
  integrity sha512-VMvQuLdzoTGmCwIKTKVwKmIL0qcODIqe74JtK1pVr5lnaE0l25hopodmPag3RcnIcIXe+Ye3B2olRCn7fTCgig==
  dependencies:
    "@vue/reactivity" "3.2.29"
    "@vue/shared" "3.2.29"

"@vue/runtime-dom@3.2.29":
  version "3.2.29"
  resolved "https://registry.yarnpkg.com/@vue/runtime-dom/-/runtime-dom-3.2.29.tgz#35e9a2bf04ef80b86ac2ca0e7b2ceaccf1e18f01"
  integrity sha512-YJgLQLwr+SQyORzTsBQLL5TT/5UiV83tEotqjL7F9aFDIQdFBTCwpkCFvX9jqwHoyi9sJqM9XtTrMcc8z/OjPA==
  dependencies:
    "@vue/runtime-core" "3.2.29"
    "@vue/shared" "3.2.29"
    csstype "^2.6.8"

"@vue/server-renderer@3.2.29":
  version "3.2.29"
  resolved "https://registry.yarnpkg.com/@vue/server-renderer/-/server-renderer-3.2.29.tgz#ea6afa361b9c781a868c8da18c761f9b7bc89102"
  integrity sha512-lpiYx7ciV7rWfJ0tPkoSOlLmwqBZ9FTmQm33S+T4g0j1fO/LmhJ9b9Ctl1o5xvIFVDk9QkSUWANZn7H2pXuxVw==
  dependencies:
    "@vue/compiler-ssr" "3.2.29"
    "@vue/shared" "3.2.29"

"@vue/shared@3.2.29":
  version "3.2.29"
  resolved "https://registry.yarnpkg.com/@vue/shared/-/shared-3.2.29.tgz#07dac7051117236431d2f737d16932aa38bbb925"
  integrity sha512-BjNpU8OK6Z0LVzGUppEk0CMYm/hKDnZfYdjSmPOs0N+TR1cLKJAkDwW8ASZUvaaSLEi6d3hVM7jnWnX+6yWnHw==

csstype@^2.6.8:
  version "2.6.18"
  resolved "https://registry.yarnpkg.com/csstype/-/csstype-2.6.18.tgz#980a8b53085f34af313410af064f2bd241784218"
  integrity sha512-RSU6Hyeg14am3Ah4VZEmeX8H7kLwEEirXe6aU2IPfKNvhXwTflK5HQRDNI0ypQXoqmm+QPyG2IaPuQE5zMwSIQ==

debug@^4.1.1:
  version "4.3.2"
  resolved "https://registry.yarnpkg.com/debug/-/debug-4.3.2.tgz#f0a49c18ac8779e31d4a0c6029dfb76873c7428b"
  integrity sha512-mOp8wKcvj7XxC78zLgw/ZA+6TSgkoE2C/ienthhRD298T7UNwAg9diBpLRxC0mOezLl4B0xV7M0cCO6P/O0Xhw==
  dependencies:
    ms "2.1.2"

estree-walker@^0.6.1:
  version "0.6.1"
  resolved "https://registry.yarnpkg.com/estree-walker/-/estree-walker-0.6.1.tgz#53049143f40c6eb918b23671d1fe3219f3a1b362"
  integrity sha512-SqmZANLWS0mnatqbSfRP5g8OXZC12Fgg1IwNtLsyHDzJizORW4khDfjPqJZsemPWBB2uqykUah5YpQ6epsqC/w==

estree-walker@^2.0.2:
  version "2.0.2"
  resolved "https://registry.yarnpkg.com/estree-walker/-/estree-walker-2.0.2.tgz#52f010178c2a4c117a7757cfe942adb7d2da4cac"
  integrity sha512-Rfkk/Mp/DL7JVje3u18FxFujQlTNR2q6QfMSMB7AvCBx91NGj/ba3kCfza0f6dVDbw7YlRf/nDrn7pQrCCyQ/w==

fsevents@~2.3.2:
  version "2.3.2"
  resolved "https://registry.yarnpkg.com/fsevents/-/fsevents-2.3.2.tgz#8a526f78b8fdf4623b709e0b975c52c24c02fd1a"
  integrity sha512-xiqMQR4xAeHTuB9uWm+fFRcIOgKBMiOBP+eXiyT7jsgVCq1bkVygt00oASowB7EdtpOHaaPgKt812P9ab+DDKA==

hash-sum@^2.0.0:
  version "2.0.0"
  resolved "https://registry.yarnpkg.com/hash-sum/-/hash-sum-2.0.0.tgz#81d01bb5de8ea4a214ad5d6ead1b523460b0b45a"
  integrity sha512-WdZTbAByD+pHfl/g9QSsBIIwy8IT+EsPiKDs0KNX+zSHhdDLFKdZu0BQHljvO+0QI/BasbMSUa8wYNCZTvhslg==

magic-string@^0.25.7:
  version "0.25.7"
  resolved "https://registry.yarnpkg.com/magic-string/-/magic-string-0.25.7.tgz#3f497d6fd34c669c6798dcb821f2ef31f5445051"
  integrity sha512-4CrMT5DOHTDk4HYDlzmwu4FVCcIYI8gauveasrdCu2IKIFOJ3f0v/8MDGJCDL9oD2ppz/Av1b0Nj345H9M+XIA==
  dependencies:
    sourcemap-codec "^1.4.4"

ms@2.1.2:
  version "2.1.2"
  resolved "https://registry.yarnpkg.com/ms/-/ms-2.1.2.tgz#d09d1f357b443f493382a8eb3ccd183872ae6009"
  integrity sha512-sGkPx+VjMtmA6MX27oA4FBFELFCZZ4S4XqeGOXCv68tT+jb3vk/RyaKWP0PTKyWtmLSM0b+adUTEvbs1PEaH2w==

nanocolors@^0.2.2:
  version "0.2.12"
  resolved "https://registry.yarnpkg.com/nanocolors/-/nanocolors-0.2.12.tgz#4d05932e70116078673ea4cc6699a1c56cc77777"
  integrity sha512-SFNdALvzW+rVlzqexid6epYdt8H9Zol7xDoQarioEFcFN0JHo4CYNztAxmtfgGTVRCmFlEOqqhBpoFGKqSAMug==

nanoid@^3.1.25:
  version "3.1.28"
  resolved "https://registry.yarnpkg.com/nanoid/-/nanoid-3.1.28.tgz#3c01bac14cb6c5680569014cc65a2f26424c6bd4"
  integrity sha512-gSu9VZ2HtmoKYe/lmyPFES5nknFrHa+/DT9muUFWFMi6Jh9E1I7bkvlQ8xxf1Kos9pi9o8lBnIOkatMhKX/YUw==

postcss@^8.1.10:
  version "8.3.8"
  resolved "https://registry.yarnpkg.com/postcss/-/postcss-8.3.8.tgz#9ebe2a127396b4b4570ae9f7770e7fb83db2bac1"
  integrity sha512-GT5bTjjZnwDifajzczOC+r3FI3Cu+PgPvrsjhQdRqa2kTJ4968/X9CUce9xttIB0xOs5c6xf0TCWZo/y9lF6bA==
  dependencies:
    nanocolors "^0.2.2"
    nanoid "^3.1.25"
    source-map-js "^0.6.2"

rollup-plugin-vue@^6.0.0-beta.10:
  version "6.0.0-beta.10"
  resolved "https://registry.yarnpkg.com/rollup-plugin-vue/-/rollup-plugin-vue-6.0.0-beta.10.tgz#66d9b9a8dd2d085267d1cc398ea0113360879ac1"
  integrity sha512-8TZJmROiSRjWoHRR6id0/ktOBOUGuI302xDBq4YBiA/tnnXdoY3oFGtvRWzT5ldX0jTJ8QX40rrJOw2SvcWwxQ==
  dependencies:
    debug "^4.1.1"
    hash-sum "^2.0.0"
    rollup-pluginutils "^2.8.2"

rollup-pluginutils@^2.8.2:
  version "2.8.2"
  resolved "https://registry.yarnpkg.com/rollup-pluginutils/-/rollup-pluginutils-2.8.2.tgz#72f2af0748b592364dbd3389e600e5a9444a351e"
  integrity sha512-EEp9NhnUkwY8aif6bxgovPHMoMoNr2FulJziTndpt5H9RdwC47GSGuII9XxpSdzVGM0GWrNPHV6ie1LTNJPaLQ==
  dependencies:
    estree-walker "^0.6.1"

rollup@^2.58.0:
  version "2.58.0"
  resolved "https://registry.yarnpkg.com/rollup/-/rollup-2.58.0.tgz#a643983365e7bf7f5b7c62a8331b983b7c4c67fb"
  integrity sha512-NOXpusKnaRpbS7ZVSzcEXqxcLDOagN6iFS8p45RkoiMqPHDLwJm758UF05KlMoCRbLBTZsPOIa887gZJ1AiXvw==
  optionalDependencies:
    fsevents "~2.3.2"

source-map-js@^0.6.2:
  version "0.6.2"
  resolved "https://registry.yarnpkg.com/source-map-js/-/source-map-js-0.6.2.tgz#0bb5de631b41cfbda6cfba8bd05a80efdfd2385e"
  integrity sha512-/3GptzWzu0+0MBQFrDKzw/DvvMTUORvgY6k6jd/VS6iCR4RDTKWH6v6WPwQoUO8667uQEf9Oe38DxAYWY5F/Ug==

source-map@^0.6.1:
  version "0.6.1"
  resolved "https://registry.yarnpkg.com/source-map/-/source-map-0.6.1.tgz#74722af32e9614e9c287a8d0bbde48b5e2f1a263"
  integrity sha512-UjgapumWlbMhkBgzT7Ykc5YXUT46F0iKu8SGXq0bcwP5dz/h0Plj6enJqjz1Zbq2l5WaqYnrVbwWOWMyF3F47g==

sourcemap-codec@^1.4.4:
  version "1.4.8"
  resolved "https://registry.yarnpkg.com/sourcemap-codec/-/sourcemap-codec-1.4.8.tgz#ea804bd94857402e6992d05a38ef1ae35a9ab4c4"
  integrity sha512-9NykojV5Uih4lgo5So5dtw+f0JgJX30KCNI8gwhz2J9A15wD0Ml6tjHKwf6fTSa6fAdVBdZeNOs9eJ71qCk8vA==

vue@^3.2.29:
  version "3.2.29"
  resolved "https://registry.yarnpkg.com/vue/-/vue-3.2.29.tgz#3571b65dbd796d3a6347e2fd45a8e6e11c13d56a"
  integrity sha512-cFIwr7LkbtCRanjNvh6r7wp2yUxfxeM2yPpDQpAfaaLIGZSrUmLbNiSze9nhBJt5MrZ68Iqt0O5scwAMEVxF+Q==
  dependencies:
    "@vue/compiler-dom" "3.2.29"
    "@vue/compiler-sfc" "3.2.29"
    "@vue/runtime-dom" "3.2.29"
    "@vue/server-renderer" "3.2.29"
    "@vue/shared" "3.2.29"
